
Microsoft Visual Studio Solution File, Format Version 12.00
# Visual Studio Version 16
VisualStudioVersion = 16.0.810.25
MinimumVisualStudioVersion = 10.0.40219.1
Project("{FAE04EC0-301F-11D3-BF4B-00C04F79EFBC}") = "IterationStatement", "IterationStatement\IterationStatement.csproj", "{2BB64D8E-421B-4DEE-985E-C07BD1AF7FCB}"
EndProject
Global
	GlobalSection(SolutionConfigurationPlatforms) = preSolution
		Debug|Any CPU = Debug|Any CPU
		Release|Any CPU = Release|Any CPU
	EndGlobalSection
	GlobalSection(ProjectConfigurationPlatforms) = postSolution
		{2BB64D8E-421B-4DEE-985E-C07BD1AF7FCB}.Debug|Any CPU.ActiveCfg = Debug|Any CPU
		{2BB64D8E-421B-4DEE-985E-C07BD1AF7FCB}.Debug|Any CPU.Build.0 = Debug|Any CPU
		{2BB64D8E-421B-4DEE-985E-C07BD1AF7FCB}.Release|Any CPU.ActiveCfg = Release|Any CPU
		{2BB64D8E-421B-4DEE-985E-C07BD1AF7FCB}.Release|Any CPU.Build.0 = Release|Any CPU
	EndGlobalSection
	GlobalSection(SolutionProperties) = preSolution
		HideSolutionNode = FALSE
	EndGlobalSection
	GlobalSection(ExtensibilityGlobals) = postSolution
		SolutionGuid = {2E4CCCC2-B6AC-4533-B186-002E9B57CE56}
	EndGlobalSection
EndGlobal
